
Microsoft Visual Studio Solution File, Format Version 12.00
# Visual Studio 15
VisualStudioVersion = 15.0.26730.12
MinimumVisualStudioVersion = 10.0.40219.1
Project("{FAE04EC0-301F-11D3-BF4B-00C04F79EFBC}") = "App", "App\App.csproj", "{9EAFA557-B797-4802-8478-13CD128F5BC4}"
EndProject
Project("{FAE04EC0-301F-11D3-BF4B-00C04F79EFBC}") = "SqlReflect", "SqlReflect\SqlReflect.csproj", "{CE1738B3-AF2D-4E26-9312-2C8E2CE03B6E}"
EndProject
Project("{FAE04EC0-301F-11D3-BF4B-00C04F79EFBC}") = "SqlReflectTest", "SqlReflectTest\SqlReflectTest.csproj", "{87B74656-D799-43E2-9C29-B932FA5C5182}"
EndProject
Global
	GlobalSection(SolutionConfigurationPlatforms) = preSolution
		Debug|Any CPU = Debug|Any CPU
		Release|Any CPU = Release|Any CPU
	EndGlobalSection
	GlobalSection(ProjectConfigurationPlatforms) = postSolution
		{9EAFA557-B797-4802-8478-13CD128F5BC4}.Debug|Any CPU.ActiveCfg = Debug|Any CPU
		{9EAFA557-B797-4802-8478-13CD128F5BC4}.Debug|Any CPU.Build.0 = Debug|Any CPU
		{9EAFA557-B797-4802-8478-13CD128F5BC4}.Release|Any CPU.ActiveCfg = Release|Any CPU
		{9EAFA557-B797-4802-8478-13CD128F5BC4}.Release|Any CPU.Build.0 = Release|Any CPU
		{CE1738B3-AF2D-4E26-9312-2C8E2CE03B6E}.Debug|Any CPU.ActiveCfg = Debug|Any CPU
		{CE1738B3-AF2D-4E26-9312-2C8E2CE03B6E}.Debug|Any CPU.Build.0 = Debug|Any CPU
		{CE1738B3-AF2D-4E26-9312-2C8E2CE03B6E}.Release|Any CPU.ActiveCfg = Release|Any CPU
		{CE1738B3-AF2D-4E26-9312-2C8E2CE03B6E}.Release|Any CPU.Build.0 = Release|Any CPU
		{87B74656-D799-43E2-9C29-B932FA5C5182}.Debug|Any CPU.ActiveCfg = Debug|Any CPU
		{87B74656-D799-43E2-9C29-B932FA5C5182}.Debug|Any CPU.Build.0 = Debug|Any CPU
		{87B74656-D799-43E2-9C29-B932FA5C5182}.Release|Any CPU.ActiveCfg = Release|Any CPU
		{87B74656-D799-43E2-9C29-B932FA5C5182}.Release|Any CPU.Build.0 = Release|Any CPU
	EndGlobalSection
	GlobalSection(SolutionProperties) = preSolution
		HideSolutionNode = FALSE
	EndGlobalSection
	GlobalSection(ExtensibilityGlobals) = postSolution
		SolutionGuid = {0A613DBE-8CCC-4CBB-A8C9-0B6F7B404920}
	EndGlobalSection
EndGlobal
